// !$*UTF8*$!
{
	archiveVersion = 1;
	classes = {
	};
	objectVersion = 51;
	objects = {

/* Begin PBXBuildFile section */
		9DF8EC281A27ACC52D429E9A /* Pods_URL_Check.framework in Frameworks */ = {isa = PBXBuildFile; fileRef = 08FA0A7158A609067FE46742 /* Pods_URL_Check.framework */; };
		F638CCE72541C7C1008D9940 /* AppDelegate.swift in Sources */ = {isa = PBXBuildFile; fileRef = F638CCE62541C7C1008D9940 /* AppDelegate.swift */; };
		F638CCE92541C7C1008D9940 /* SceneDelegate.swift in Sources */ = {isa = PBXBuildFile; fileRef = F638CCE82541C7C1008D9940 /* SceneDelegate.swift */; };
		F638CCEB2541C7C1008D9940 /* MainVC.swift in Sources */ = {isa = PBXBuildFile; fileRef = F638CCEA2541C7C1008D9940 /* MainVC.swift */; };
		F638CCEE2541C7C1008D9940 /* Main.storyboard in Resources */ = {isa = PBXBuildFile; fileRef = F638CCEC2541C7C1008D9940 /* Main.storyboard */; };
		F638CCF02541C7C6008D9940 /* Assets.xcassets in Resources */ = {isa = PBXBuildFile; fileRef = F638CCEF2541C7C6008D9940 /* Assets.xcassets */; };
		F638CCF32541C7C6008D9940 /* LaunchScreen.storyboard in Resources */ = {isa = PBXBuildFile; fileRef = F638CCF12541C7C6008D9940 /* LaunchScreen.storyboard */; };
		F638CCFC2541CA4B008D9940 /* GoogleAPI.swift in Sources */ = {isa = PBXBuildFile; fileRef = F638CCFB2541CA4B008D9940 /* GoogleAPI.swift */; };
		F6542A452546DE98000D0919 /* DismissKeyboard.swift in Sources */ = {isa = PBXBuildFile; fileRef = F6542A442546DE98000D0919 /* DismissKeyboard.swift */; };
		F65F0085254461F30083DF53 /* Alert.swift in Sources */ = {isa = PBXBuildFile; fileRef = F65F0084254461F30083DF53 /* Alert.swift */; };
		F67F43E8254557390002D516 /* CheckLink.swift in Sources */ = {isa = PBXBuildFile; fileRef = F67F43E7254557390002D516 /* CheckLink.swift */; };
		F68187B32545EC0C00F1B6FB /* CheckLinkVC.swift in Sources */ = {isa = PBXBuildFile; fileRef = F68187B22545EC0C00F1B6FB /* CheckLinkVC.swift */; };
		F685F211254311A700ADD6C8 /* ScanQRVC.swift in Sources */ = {isa = PBXBuildFile; fileRef = F685F210254311A700ADD6C8 /* ScanQRVC.swift */; };
		F6CC0347254828CA004AD8F7 /* LoadingButton.swift in Sources */ = {isa = PBXBuildFile; fileRef = F6CC0346254828CA004AD8F7 /* LoadingButton.swift */; };
		F6E3E1542541D0A0005297EB /* GoogleSafeBrowsingAPI.swift in Sources */ = {isa = PBXBuildFile; fileRef = F6E3E1532541D0A0005297EB /* GoogleSafeBrowsingAPI.swift */; };
		F6FFEDB8254733C1006F020D /* ExpandLinkVC.swift in Sources */ = {isa = PBXBuildFile; fileRef = F6FFEDB7254733C1006F020D /* ExpandLinkVC.swift */; };
/* End PBXBuildFile section */

/* Begin PBXFileReference section */
		08FA0A7158A609067FE46742 /* Pods_URL_Check.framework */ = {isa = PBXFileReference; explicitFileType = wrapper.framework; includeInIndex = 0; path = Pods_URL_Check.framework; sourceTree = BUILT_PRODUCTS_DIR; };
		6D08EBB89AC677A37523748C /* Pods-URL Check.debug.xcconfig */ = {isa = PBXFileReference; includeInIndex = 1; lastKnownFileType = text.xcconfig; name = "Pods-URL Check.debug.xcconfig"; path = "Target Support Files/Pods-URL Check/Pods-URL Check.debug.xcconfig"; sourceTree = "<group>"; };
		B1E436A8B1C6C1AA218C07C8 /* Pods-URL Check.release.xcconfig */ = {isa = PBXFileReference; includeInIndex = 1; lastKnownFileType = text.xcconfig; name = "Pods-URL Check.release.xcconfig"; path = "Target Support Files/Pods-URL Check/Pods-URL Check.release.xcconfig"; sourceTree = "<group>"; };
		F638CCE32541C7C1008D9940 /* URL Check.app */ = {isa = PBXFileReference; explicitFileType = wrapper.application; includeInIndex = 0; path = "URL Check.app"; sourceTree = BUILT_PRODUCTS_DIR; };
		F638CCE62541C7C1008D9940 /* AppDelegate.swift */ = {isa = PBXFileReference; lastKnownFileType = sourcecode.swift; path = AppDelegate.swift; sourceTree = "<group>"; };
		F638CCE82541C7C1008D9940 /* SceneDelegate.swift */ = {isa = PBXFileReference; lastKnownFileType = sourcecode.swift; path = SceneDelegate.swift; sourceTree = "<group>"; };
		F638CCEA2541C7C1008D9940 /* MainVC.swift */ = {isa = PBXFileReference; lastKnownFileType = sourcecode.swift; path = MainVC.swift; sourceTree = "<group>"; };
		F638CCED2541C7C1008D9940 /* Base */ = {isa = PBXFileReference; lastKnownFileType = file.storyboard; name = Base; path = Base.lproj/Main.storyboard; sourceTree = "<group>"; };
		F638CCEF2541C7C6008D9940 /* Assets.xcassets */ = {isa = PBXFileReference; lastKnownFileType = folder.assetcatalog; path = Assets.xcassets; sourceTree = "<group>"; };
		F638CCF22541C7C6008D9940 /* Base */ = {isa = PBXFileReference; lastKnownFileType = file.storyboard; name = Base; path = Base.lproj/LaunchScreen.storyboard; sourceTree = "<group>"; };
		F638CCF42541C7C6008D9940 /* Info.plist */ = {isa = PBXFileReference; lastKnownFileType = text.plist.xml; path = Info.plist; sourceTree = "<group>"; };
		F638CCFB2541CA4B008D9940 /* GoogleAPI.swift */ = {isa = PBXFileReference; lastKnownFileType = sourcecode.swift; path = GoogleAPI.swift; sourceTree = "<group>"; };
		F6542A442546DE98000D0919 /* DismissKeyboard.swift */ = {isa = PBXFileReference; lastKnownFileType = sourcecode.swift; path = DismissKeyboard.swift; sourceTree = "<group>"; };
		F65F0084254461F30083DF53 /* Alert.swift */ = {isa = PBXFileReference; lastKnownFileType = sourcecode.swift; path = Alert.swift; sourceTree = "<group>"; };
		F67F43E7254557390002D516 /* CheckLink.swift */ = {isa = PBXFileReference; lastKnownFileType = sourcecode.swift; path = CheckLink.swift; sourceTree = "<group>"; };
		F68187B22545EC0C00F1B6FB /* CheckLinkVC.swift */ = {isa = PBXFileReference; lastKnownFileType = sourcecode.swift; path = CheckLinkVC.swift; sourceTree = "<group>"; };
		F685F210254311A700ADD6C8 /* ScanQRVC.swift */ = {isa = PBXFileReference; lastKnownFileType = sourcecode.swift; path = ScanQRVC.swift; sourceTree = "<group>"; };
		F6CC0346254828CA004AD8F7 /* LoadingButton.swift */ = {isa = PBXFileReference; lastKnownFileType = sourcecode.swift; path = LoadingButton.swift; sourceTree = "<group>"; };
		F6E3E1532541D0A0005297EB /* GoogleSafeBrowsingAPI.swift */ = {isa = PBXFileReference; lastKnownFileType = sourcecode.swift; path = GoogleSafeBrowsingAPI.swift; sourceTree = "<group>"; };
		F6FFEDB7254733C1006F020D /* ExpandLinkVC.swift */ = {isa = PBXFileReference; lastKnownFileType = sourcecode.swift; path = ExpandLinkVC.swift; sourceTree = "<group>"; };
/* End PBXFileReference section */

/* Begin PBXFrameworksBuildPhase section */
		F638CCE02541C7C0008D9940 /* Frameworks */ = {
			isa = PBXFrameworksBuildPhase;
			buildActionMask = 2147483647;
			files = (
				9DF8EC281A27ACC52D429E9A /* Pods_URL_Check.framework in Frameworks */,
			);
			runOnlyForDeploymentPostprocessing = 0;
		};
/* End PBXFrameworksBuildPhase section */

/* Begin PBXGroup section */
		5B085A754EE986127A23F9FB /* Pods */ = {
			isa = PBXGroup;
			children = (
				6D08EBB89AC677A37523748C /* Pods-URL Check.debug.xcconfig */,
				B1E436A8B1C6C1AA218C07C8 /* Pods-URL Check.release.xcconfig */,
			);
			path = Pods;
			sourceTree = "<group>";
		};
		E279F240558E40A74D0285AB /* Frameworks */ = {
			isa = PBXGroup;
			children = (
				08FA0A7158A609067FE46742 /* Pods_URL_Check.framework */,
			);
			name = Frameworks;
			sourceTree = "<group>";
		};
		F638CCDA2541C7C0008D9940 = {
			isa = PBXGroup;
			children = (
				F638CCE52541C7C1008D9940 /* URL Check */,
				F638CCE42541C7C1008D9940 /* Products */,
				5B085A754EE986127A23F9FB /* Pods */,
				E279F240558E40A74D0285AB /* Frameworks */,
			);
			sourceTree = "<group>";
		};
		F638CCE42541C7C1008D9940 /* Products */ = {
			isa = PBXGroup;
			children = (
				F638CCE32541C7C1008D9940 /* URL Check.app */,
			);
			name = Products;
			sourceTree = "<group>";
		};
		F638CCE52541C7C1008D9940 /* URL Check */ = {
			isa = PBXGroup;
			children = (
				F638CCE62541C7C1008D9940 /* AppDelegate.swift */,
				F638CCE82541C7C1008D9940 /* SceneDelegate.swift */,
				F6CC034925482EFC004AD8F7 /* Helpers */,
				F65F0083254461DC0083DF53 /* Extensions */,
				F6E3E1522541D085005297EB /* API */,
				F685F20E2542FBF100ADD6C8 /* Home */,
				F638CCEC2541C7C1008D9940 /* Main.storyboard */,
				F638CCEF2541C7C6008D9940 /* Assets.xcassets */,
				F638CCF12541C7C6008D9940 /* LaunchScreen.storyboard */,
				F638CCF42541C7C6008D9940 /* Info.plist */,
			);
			path = "URL Check";
			sourceTree = "<group>";
		};
		F65F0083254461DC0083DF53 /* Extensions */ = {
			isa = PBXGroup;
			children = (
				F65F0084254461F30083DF53 /* Alert.swift */,
				F6542A442546DE98000D0919 /* DismissKeyboard.swift */,
			);
			path = Extensions;
			sourceTree = "<group>";
		};
		F68187B12545EBE400F1B6FB /* Segmented Control */ = {
			isa = PBXGroup;
			children = (
				F68187B22545EC0C00F1B6FB /* CheckLinkVC.swift */,
				F6FFEDB7254733C1006F020D /* ExpandLinkVC.swift */,
			);
			path = "Segmented Control";
			sourceTree = "<group>";
		};
		F685F20E2542FBF100ADD6C8 /* Home */ = {
			isa = PBXGroup;
			children = (
				F638CCEA2541C7C1008D9940 /* MainVC.swift */,
				F685F210254311A700ADD6C8 /* ScanQRVC.swift */,
				F67F43E7254557390002D516 /* CheckLink.swift */,
				F68187B12545EBE400F1B6FB /* Segmented Control */,
			);
			path = Home;
			sourceTree = "<group>";
		};
		F6CC034925482EFC004AD8F7 /* Helpers */ = {
			isa = PBXGroup;
			children = (
				F6CC0346254828CA004AD8F7 /* LoadingButton.swift */,
			);
			path = Helpers;
			sourceTree = "<group>";
		};
		F6E3E1522541D085005297EB /* API */ = {
			isa = PBXGroup;
			children = (
				F638CCFB2541CA4B008D9940 /* GoogleAPI.swift */,
				F6E3E1532541D0A0005297EB /* GoogleSafeBrowsingAPI.swift */,
			);
			path = API;
			sourceTree = "<group>";
		};
/* End PBXGroup section */

/* Begin PBXNativeTarget section */
		F638CCE22541C7C0008D9940 /* URL Check */ = {
			isa = PBXNativeTarget;
			buildConfigurationList = F638CCF72541C7C6008D9940 /* Build configuration list for PBXNativeTarget "URL Check" */;
			buildPhases = (
				DF73D4EABEC44E82A25BE71F /* [CP] Check Pods Manifest.lock */,
				F638CCDF2541C7C0008D9940 /* Sources */,
				F638CCE02541C7C0008D9940 /* Frameworks */,
				F638CCE12541C7C0008D9940 /* Resources */,
				341FCE12430A806FE9DB0511 /* [CP] Embed Pods Frameworks */,
			);
			buildRules = (
			);
			dependencies = (
			);
			name = "URL Check";
			productName = "URL Check";
			productReference = F638CCE32541C7C1008D9940 /* URL Check.app */;
			productType = "com.apple.product-type.application";
		};
/* End PBXNativeTarget section */

/* Begin PBXProject section */
		F638CCDB2541C7C0008D9940 /* Project object */ = {
			isa = PBXProject;
			attributes = {
				LastSwiftUpdateCheck = 1200;
				LastUpgradeCheck = 1200;
				TargetAttributes = {
					F638CCE22541C7C0008D9940 = {
						CreatedOnToolsVersion = 12.0.1;
					};
				};
			};
			buildConfigurationList = F638CCDE2541C7C0008D9940 /* Build configuration list for PBXProject "URL Check" */;
			compatibilityVersion = "Xcode 9.3";
			developmentRegion = en;
			hasScannedForEncodings = 0;
			knownRegions = (
				en,
				Base,
			);
			mainGroup = F638CCDA2541C7C0008D9940;
			productRefGroup = F638CCE42541C7C1008D9940 /* Products */;
			projectDirPath = "";
			projectRoot = "";
			targets = (
				F638CCE22541C7C0008D9940 /* URL Check */,
			);
		};
/* End PBXProject section */

/* Begin PBXResourcesBuildPhase section */
		F638CCE12541C7C0008D9940 /* Resources */ = {
			isa = PBXResourcesBuildPhase;
			buildActionMask = 2147483647;
			files = (
				F638CCF32541C7C6008D9940 /* LaunchScreen.storyboard in Resources */,
				F638CCF02541C7C6008D9940 /* Assets.xcassets in Resources */,
				F638CCEE2541C7C1008D9940 /* Main.storyboard in Resources */,
			);
			runOnlyForDeploymentPostprocessing = 0;
		};
/* End PBXResourcesBuildPhase section */

/* Begin PBXShellScriptBuildPhase section */
		341FCE12430A806FE9DB0511 /* [CP] Embed Pods Frameworks */ = {
			isa = PBXShellScriptBuildPhase;
			buildActionMask = 2147483647;
			files = (
			);
			inputFileListPaths = (
				"${PODS_ROOT}/Target Support Files/Pods-URL Check/Pods-URL Check-frameworks-${CONFIGURATION}-input-files.xcfilelist",
			);
			name = "[CP] Embed Pods Frameworks";
			outputFileListPaths = (
				"${PODS_ROOT}/Target Support Files/Pods-URL Check/Pods-URL Check-frameworks-${CONFIGURATION}-output-files.xcfilelist",
			);
			runOnlyForDeploymentPostprocessing = 0;
			shellPath = /bin/sh;
			shellScript = "\"${PODS_ROOT}/Target Support Files/Pods-URL Check/Pods-URL Check-frameworks.sh\"\n";
			showEnvVarsInLog = 0;
		};
		DF73D4EABEC44E82A25BE71F /* [CP] Check Pods Manifest.lock */ = {
			isa = PBXShellScriptBuildPhase;
			buildActionMask = 2147483647;
			files = (
			);
			inputFileListPaths = (
			);
			inputPaths = (
				"${PODS_PODFILE_DIR_PATH}/Podfile.lock",
				"${PODS_ROOT}/Manifest.lock",
			);
			name = "[CP] Check Pods Manifest.lock";
			outputFileListPaths = (
			);
			outputPaths = (
				"$(DERIVED_FILE_DIR)/Pods-URL Check-checkManifestLockResult.txt",
			);
			runOnlyForDeploymentPostprocessing = 0;
			shellPath = /bin/sh;
			shellScript = "diff \"${PODS_PODFILE_DIR_PATH}/Podfile.lock\" \"${PODS_ROOT}/Manifest.lock\" > /dev/null\nif [ $? != 0 ] ; then\n    # print error to STDERR\n    echo \"error: The sandbox is not in sync with the Podfile.lock. Run 'pod install' or update your CocoaPods installation.\" >&2\n    exit 1\nfi\n# This output is used by Xcode 'outputs' to avoid re-running this script phase.\necho \"SUCCESS\" > \"${SCRIPT_OUTPUT_FILE_0}\"\n";
			showEnvVarsInLog = 0;
		};
/* End PBXShellScriptBuildPhase section */

/* Begin PBXSourcesBuildPhase section */
		F638CCDF2541C7C0008D9940 /* Sources */ = {
			isa = PBXSourcesBuildPhase;
			buildActionMask = 2147483647;
			files = (
				F6CC0347254828CA004AD8F7 /* LoadingButton.swift in Sources */,
				F685F211254311A700ADD6C8 /* ScanQRVC.swift in Sources */,
				F67F43E8254557390002D516 /* CheckLink.swift in Sources */,
				F638CCEB2541C7C1008D9940 /* MainVC.swift in Sources */,
				F638CCFC2541CA4B008D9940 /* GoogleAPI.swift in Sources */,
				F638CCE72541C7C1008D9940 /* AppDelegate.swift in Sources */,
				F638CCE92541C7C1008D9940 /* SceneDelegate.swift in Sources */,
				F6E3E1542541D0A0005297EB /* GoogleSafeBrowsingAPI.swift in Sources */,
				F68187B32545EC0C00F1B6FB /* CheckLinkVC.swift in Sources */,
				F65F0085254461F30083DF53 /* Alert.swift in Sources */,
				F6542A452546DE98000D0919 /* DismissKeyboard.swift in Sources */,
				F6FFEDB8254733C1006F020D /* ExpandLinkVC.swift in Sources */,
			);
			runOnlyForDeploymentPostprocessing = 0;
		};
/* End PBXSourcesBuildPhase section */

/* Begin PBXVariantGroup section */
		F638CCEC2541C7C1008D9940 /* Main.storyboard */ = {
			isa = PBXVariantGroup;
			children = (
				F638CCED2541C7C1008D9940 /* Base */,
			);
			name = Main.storyboard;
			sourceTree = "<group>";
		};
		F638CCF12541C7C6008D9940 /* LaunchScreen.storyboard */ = {
			isa = PBXVariantGroup;
			children = (
				F638CCF22541C7C6008D9940 /* Base */,
			);
			name = LaunchScreen.storyboard;
			sourceTree = "<group>";
		};
/* End PBXVariantGroup section */

/* Begin XCBuildConfiguration section */
		F638CCF52541C7C6008D9940 /* Debug */ = {
			isa = XCBuildConfiguration;
			buildSettings = {
				ALWAYS_SEARCH_USER_PATHS = NO;
				CLANG_ANALYZER_NONNULL = YES;
				CLANG_ANALYZER_NUMBER_OBJECT_CONVERSION = YES_AGGRESSIVE;
				CLANG_CXX_LANGUAGE_STANDARD = "gnu++14";
				CLANG_CXX_LIBRARY = "libc++";
				CLANG_ENABLE_MODULES = YES;
				CLANG_ENABLE_OBJC_ARC = YES;
				CLANG_ENABLE_OBJC_WEAK = YES;
				CLANG_WARN_BLOCK_CAPTURE_AUTORELEASING = YES;
				CLANG_WARN_BOOL_CONVERSION = YES;
				CLANG_WARN_COMMA = YES;
				CLANG_WARN_CONSTANT_CONVERSION = YES;
				CLANG_WARN_DEPRECATED_OBJC_IMPLEMENTATIONS = YES;
				CLANG_WARN_DIRECT_OBJC_ISA_USAGE = YES_ERROR;
				CLANG_WARN_DOCUMENTATION_COMMENTS = YES;
				CLANG_WARN_EMPTY_BODY = YES;
				CLANG_WARN_ENUM_CONVERSION = YES;
				CLANG_WARN_INFINITE_RECURSION = YES;
				CLANG_WARN_INT_CONVERSION = YES;
				CLANG_WARN_NON_LITERAL_NULL_CONVERSION = YES;
				CLANG_WARN_OBJC_IMPLICIT_RETAIN_SELF = YES;
				CLANG_WARN_OBJC_LITERAL_CONVERSION = YES;
				CLANG_WARN_OBJC_ROOT_CLASS = YES_ERROR;
				CLANG_WARN_QUOTED_INCLUDE_IN_FRAMEWORK_HEADER = YES;
				CLANG_WARN_RANGE_LOOP_ANALYSIS = YES;
				CLANG_WARN_STRICT_PROTOTYPES = YES;
				CLANG_WARN_SUSPICIOUS_MOVE = YES;
				CLANG_WARN_UNGUARDED_AVAILABILITY = YES_AGGRESSIVE;
				CLANG_WARN_UNREACHABLE_CODE = YES;
				CLANG_WARN__DUPLICATE_METHOD_MATCH = YES;
				COPY_PHASE_STRIP = NO;
				DEBUG_INFORMATION_FORMAT = dwarf;
				ENABLE_STRICT_OBJC_MSGSEND = YES;
				ENABLE_TESTABILITY = YES;
				GCC_C_LANGUAGE_STANDARD = gnu11;
				GCC_DYNAMIC_NO_PIC = NO;
				GCC_NO_COMMON_BLOCKS = YES;
				GCC_OPTIMIZATION_LEVEL = 0;
				GCC_PREPROCESSOR_DEFINITIONS = (
					"DEBUG=1",
					"$(inherited)",
				);
				GCC_WARN_64_TO_32_BIT_CONVERSION = YES;
				GCC_WARN_ABOUT_RETURN_TYPE = YES_ERROR;
				GCC_WARN_UNDECLARED_SELECTOR = YES;
				GCC_WARN_UNINITIALIZED_AUTOS = YES_AGGRESSIVE;
				GCC_WARN_UNUSED_FUNCTION = YES;
				GCC_WARN_UNUSED_VARIABLE = YES;
				IPHONEOS_DEPLOYMENT_TARGET = 14.1;
				MTL_ENABLE_DEBUG_INFO = INCLUDE_SOURCE;
				MTL_FAST_MATH = YES;
				ONLY_ACTIVE_ARCH = YES;
				SDKROOT = iphoneos;
				SWIFT_ACTIVE_COMPILATION_CONDITIONS = DEBUG;
				SWIFT_OPTIMIZATION_LEVEL = "-Onone";
			};
			name = Debug;
		};
		F638CCF62541C7C6008D9940 /* Release */ = {
			isa = XCBuildConfiguration;
			buildSettings = {
				ALWAYS_SEARCH_USER_PATHS = NO;
				CLANG_ANALYZER_NONNULL = YES;
				CLANG_ANALYZER_NUMBER_OBJECT_CONVERSION = YES_AGGRESSIVE;
				CLANG_CXX_LANGUAGE_STANDARD = "gnu++14";
				CLANG_CXX_LIBRARY = "libc++";
				CLANG_ENABLE_MODULES = YES;
				CLANG_ENABLE_OBJC_ARC = YES;
				CLANG_ENABLE_OBJC_WEAK = YES;
				CLANG_WARN_BLOCK_CAPTURE_AUTORELEASING = YES;
				CLANG_WARN_BOOL_CONVERSION = YES;
				CLANG_WARN_COMMA = YES;
				CLANG_WARN_CONSTANT_CONVERSION = YES;
				CLANG_WARN_DEPRECATED_OBJC_IMPLEMENTATIONS = YES;
				CLANG_WARN_DIRECT_OBJC_ISA_USAGE = YES_ERROR;
				CLANG_WARN_DOCUMENTATION_COMMENTS = YES;
				CLANG_WARN_EMPTY_BODY = YES;
				CLANG_WARN_ENUM_CONVERSION = YES;
				CLANG_WARN_INFINITE_RECURSION = YES;
				CLANG_WARN_INT_CONVERSION = YES;
				CLANG_WARN_NON_LITERAL_NULL_CONVERSION = YES;
				CLANG_WARN_OBJC_IMPLICIT_RETAIN_SELF = YES;
				CLANG_WARN_OBJC_LITERAL_CONVERSION = YES;
				CLANG_WARN_OBJC_ROOT_CLASS = YES_ERROR;
				CLANG_WARN_QUOTED_INCLUDE_IN_FRAMEWORK_HEADER = YES;
				CLANG_WARN_RANGE_LOOP_ANALYSIS = YES;
				CLANG_WARN_STRICT_PROTOTYPES = YES;
				CLANG_WARN_SUSPICIOUS_MOVE = YES;
				CLANG_WARN_UNGUARDED_AVAILABILITY = YES_AGGRESSIVE;
				CLANG_WARN_UNREACHABLE_CODE = YES;
				CLANG_WARN__DUPLICATE_METHOD_MATCH = YES;
				COPY_PHASE_STRIP = NO;
				DEBUG_INFORMATION_FORMAT = "dwarf-with-dsym";
				ENABLE_NS_ASSERTIONS = NO;
				ENABLE_STRICT_OBJC_MSGSEND = YES;
				GCC_C_LANGUAGE_STANDARD = gnu11;
				GCC_NO_COMMON_BLOCKS = YES;
				GCC_WARN_64_TO_32_BIT_CONVERSION = YES;
				GCC_WARN_ABOUT_RETURN_TYPE = YES_ERROR;
				GCC_WARN_UNDECLARED_SELECTOR = YES;
				GCC_WARN_UNINITIALIZED_AUTOS = YES_AGGRESSIVE;
				GCC_WARN_UNUSED_FUNCTION = YES;
				GCC_WARN_UNUSED_VARIABLE = YES;
				IPHONEOS_DEPLOYMENT_TARGET = 14.1;
				MTL_ENABLE_DEBUG_INFO = NO;
				MTL_FAST_MATH = YES;
				SDKROOT = iphoneos;
				SWIFT_COMPILATION_MODE = wholemodule;
				SWIFT_OPTIMIZATION_LEVEL = "-O";
				VALIDATE_PRODUCT = YES;
			};
			name = Release;
		};
		F638CCF82541C7C6008D9940 /* Debug */ = {
			isa = XCBuildConfiguration;
			baseConfigurationReference = 6D08EBB89AC677A37523748C /* Pods-URL Check.debug.xcconfig */;
			buildSettings = {
				ASSETCATALOG_COMPILER_APPICON_NAME = AppIcon;
				ASSETCATALOG_COMPILER_GLOBAL_ACCENT_COLOR_NAME = AccentColor;
				CODE_SIGN_STYLE = Automatic;
				DEVELOPMENT_TEAM = 7D9P932RX2;
				INFOPLIST_FILE = "URL Check/Info.plist";
				LD_RUNPATH_SEARCH_PATHS = (
					"$(inherited)",
					"@executable_path/Frameworks",
				);
				PRODUCT_BUNDLE_IDENTIFIER = "com.vinayak.URL-check";
				PRODUCT_NAME = "$(TARGET_NAME)";
				SWIFT_VERSION = 5.0;
				TARGETED_DEVICE_FAMILY = 1;
			};
			name = Debug;
		};
		F638CCF92541C7C6008D9940 /* Release */ = {
			isa = XCBuildConfiguration;
			baseConfigurationReference = B1E436A8B1C6C1AA218C07C8 /* Pods-URL Check.release.xcconfig */;
			buildSettings = {
				ASSETCATALOG_COMPILER_APPICON_NAME = AppIcon;
				ASSETCATALOG_COMPILER_GLOBAL_ACCENT_COLOR_NAME = AccentColor;
				CODE_SIGN_STYLE = Automatic;
				DEVELOPMENT_TEAM = 7D9P932RX2;
				INFOPLIST_FILE = "URL Check/Info.plist";
				LD_RUNPATH_SEARCH_PATHS = (
					"$(inherited)",
					"@executable_path/Frameworks",
				);
				PRODUCT_BUNDLE_IDENTIFIER = "com.vinayak.URL-check";
				PRODUCT_NAME = "$(TARGET_NAME)";
				SWIFT_VERSION = 5.0;
				TARGETED_DEVICE_FAMILY = 1;
			};
			name = Release;
		};
/* End XCBuildConfiguration section */

/* Begin XCConfigurationList section */
		F638CCDE2541C7C0008D9940 /* Build configuration list for PBXProject "URL Check" */ = {
			isa = XCConfigurationList;
			buildConfigurations = (
				F638CCF52541C7C6008D9940 /* Debug */,
				F638CCF62541C7C6008D9940 /* Release */,
			);
			defaultConfigurationIsVisible = 0;
			defaultConfigurationName = Release;
		};
		F638CCF72541C7C6008D9940 /* Build configuration list for PBXNativeTarget "URL Check" */ = {
			isa = XCConfigurationList;
			buildConfigurations = (
				F638CCF82541C7C6008D9940 /* Debug */,
				F638CCF92541C7C6008D9940 /* Release */,
			);
			defaultConfigurationIsVisible = 0;
			defaultConfigurationName = Release;
		};
/* End XCConfigurationList section */
	};
	rootObject = F638CCDB2541C7C0008D9940 /* Project object */;
}
